// !$*UTF8*$!
{
	archiveVersion = 1;
	classes = {
	};
	objectVersion = 56;
	objects = {

/* Begin PBXBuildFile section */
		15ABF8BB2B0B5B0B001C034A /* ScannerDemoApp.swift in Sources */ = {isa = PBXBuildFile; fileRef = 15ABF8BA2B0B5B0B001C034A /* ScannerDemoApp.swift */; };
		15ABF8BD2B0B5B0B001C034A /* ContentView.swift in Sources */ = {isa = PBXBuildFile; fileRef = 15ABF8BC2B0B5B0B001C034A /* ContentView.swift */; };
		15ABF8BF2B0B5B0D001C034A /* Assets.xcassets in Resources */ = {isa = PBXBuildFile; fileRef = 15ABF8BE2B0B5B0D001C034A /* Assets.xcassets */; };
		15ABF8C22B0B5B0D001C034A /* Preview Assets.xcassets in Resources */ = {isa = PBXBuildFile; fileRef = 15ABF8C12B0B5B0D001C034A /* Preview Assets.xcassets */; };
		15ABF8CC2B0B5B0E001C034A /* ScannerDemoTests.swift in Sources */ = {isa = PBXBuildFile; fileRef = 15ABF8CB2B0B5B0E001C034A /* ScannerDemoTests.swift */; };
		15ABF8D62B0B5B0E001C034A /* ScannerDemoUITests.swift in Sources */ = {isa = PBXBuildFile; fileRef = 15ABF8D52B0B5B0E001C034A /* ScannerDemoUITests.swift */; };
		15ABF8D82B0B5B0E001C034A /* ScannerDemoUITestsLaunchTests.swift in Sources */ = {isa = PBXBuildFile; fileRef = 15ABF8D72B0B5B0E001C034A /* ScannerDemoUITestsLaunchTests.swift */; };
/* End PBXBuildFile section */

/* Begin PBXContainerItemProxy section */
		15ABF8C82B0B5B0D001C034A /* PBXContainerItemProxy */ = {
			isa = PBXContainerItemProxy;
			containerPortal = 15ABF8AF2B0B5B0B001C034A /* Project object */;
			proxyType = 1;
			remoteGlobalIDString = 15ABF8B62B0B5B0B001C034A;
			remoteInfo = ScannerDemo;
		};
		15ABF8D22B0B5B0E001C034A /* PBXContainerItemProxy */ = {
			isa = PBXContainerItemProxy;
			containerPortal = 15ABF8AF2B0B5B0B001C034A /* Project object */;
			proxyType = 1;
			remoteGlobalIDString = 15ABF8B62B0B5B0B001C034A;
			remoteInfo = ScannerDemo;
		};
/* End PBXContainerItemProxy section */

/* Begin PBXFileReference section */
		15ABF8B72B0B5B0B001C034A /* ScannerDemo.app */ = {isa = PBXFileReference; explicitFileType = wrapper.application; includeInIndex = 0; path = ScannerDemo.app; sourceTree = BUILT_PRODUCTS_DIR; };
		15ABF8BA2B0B5B0B001C034A /* ScannerDemoApp.swift */ = {isa = PBXFileReference; lastKnownFileType = sourcecode.swift; path = ScannerDemoApp.swift; sourceTree = "<group>"; };
		15ABF8BC2B0B5B0B001C034A /* ContentView.swift */ = {isa = PBXFileReference; lastKnownFileType = sourcecode.swift; path = ContentView.swift; sourceTree = "<group>"; };
		15ABF8BE2B0B5B0D001C034A /* Assets.xcassets */ = {isa = PBXFileReference; lastKnownFileType = folder.assetcatalog; path = Assets.xcassets; sourceTree = "<group>"; };
		15ABF8C12B0B5B0D001C034A /* Preview Assets.xcassets */ = {isa = PBXFileReference; lastKnownFileType = folder.assetcatalog; path = "Preview Assets.xcassets"; sourceTree = "<group>"; };
		15ABF8C72B0B5B0D001C034A /* ScannerDemoTests.xctest */ = {isa = PBXFileReference; explicitFileType = wrapper.cfbundle; includeInIndex = 0; path = ScannerDemoTests.xctest; sourceTree = BUILT_PRODUCTS_DIR; };
		15ABF8CB2B0B5B0E001C034A /* ScannerDemoTests.swift */ = {isa = PBXFileReference; lastKnownFileType = sourcecode.swift; path = ScannerDemoTests.swift; sourceTree = "<group>"; };
		15ABF8D12B0B5B0E001C034A /* ScannerDemoUITests.xctest */ = {isa = PBXFileReference; explicitFileType = wrapper.cfbundle; includeInIndex = 0; path = ScannerDemoUITests.xctest; sourceTree = BUILT_PRODUCTS_DIR; };
		15ABF8D52B0B5B0E001C034A /* ScannerDemoUITests.swift */ = {isa = PBXFileReference; lastKnownFileType = sourcecode.swift; path = ScannerDemoUITests.swift; sourceTree = "<group>"; };
		15ABF8D72B0B5B0E001C034A /* ScannerDemoUITestsLaunchTests.swift */ = {isa = PBXFileReference; lastKnownFileType = sourcecode.swift; path = ScannerDemoUITestsLaunchTests.swift; sourceTree = "<group>"; };
/* End PBXFileReference section */

/* Begin PBXFrameworksBuildPhase section */
		15ABF8B42B0B5B0B001C034A /* Frameworks */ = {
			isa = PBXFrameworksBuildPhase;
			buildActionMask = 2147483647;
			files = (
			);
			runOnlyForDeploymentPostprocessing = 0;
		};
		15ABF8C42B0B5B0D001C034A /* Frameworks */ = {
			isa = PBXFrameworksBuildPhase;
			buildActionMask = 2147483647;
			files = (
			);
			runOnlyForDeploymentPostprocessing = 0;
		};
		15ABF8CE2B0B5B0E001C034A /* Frameworks */ = {
			isa = PBXFrameworksBuildPhase;
			buildActionMask = 2147483647;
			files = (
			);
			runOnlyForDeploymentPostprocessing = 0;
		};
/* End PBXFrameworksBuildPhase section */

/* Begin PBXGroup section */
		15ABF8AE2B0B5B0B001C034A = {
			isa = PBXGroup;
			children = (
				15ABF8B92B0B5B0B001C034A /* ScannerDemo */,
				15ABF8CA2B0B5B0D001C034A /* ScannerDemoTests */,
				15ABF8D42B0B5B0E001C034A /* ScannerDemoUITests */,
				15ABF8B82B0B5B0B001C034A /* Products */,
			);
			sourceTree = "<group>";
		};
		15ABF8B82B0B5B0B001C034A /* Products */ = {
			isa = PBXGroup;
			children = (
				15ABF8B72B0B5B0B001C034A /* ScannerDemo.app */,
				15ABF8C72B0B5B0D001C034A /* ScannerDemoTests.xctest */,
				15ABF8D12B0B5B0E001C034A /* ScannerDemoUITests.xctest */,
			);
			name = Products;
			sourceTree = "<group>";
		};
		15ABF8B92B0B5B0B001C034A /* ScannerDemo */ = {
			isa = PBXGroup;
			children = (
				15ABF8BA2B0B5B0B001C034A /* ScannerDemoApp.swift */,
				15ABF8BC2B0B5B0B001C034A /* ContentView.swift */,
				15ABF8BE2B0B5B0D001C034A /* Assets.xcassets */,
				15ABF8C02B0B5B0D001C034A /* Preview Content */,
			);
			path = ScannerDemo;
			sourceTree = "<group>";
		};
		15ABF8C02B0B5B0D001C034A /* Preview Content */ = {
			isa = PBXGroup;
			children = (
				15ABF8C12B0B5B0D001C034A /* Preview Assets.xcassets */,
			);
			path = "Preview Content";
			sourceTree = "<group>";
		};
		15ABF8CA2B0B5B0D001C034A /* ScannerDemoTests */ = {
			isa = PBXGroup;
			children = (
				15ABF8CB2B0B5B0E001C034A /* ScannerDemoTests.swift */,
			);
			path = ScannerDemoTests;
			sourceTree = "<group>";
		};
		15ABF8D42B0B5B0E001C034A /* ScannerDemoUITests */ = {
			isa = PBXGroup;
			children = (
				15ABF8D52B0B5B0E001C034A /* ScannerDemoUITests.swift */,
				15ABF8D72B0B5B0E001C034A /* ScannerDemoUITestsLaunchTests.swift */,
			);
			path = ScannerDemoUITests;
			sourceTree = "<group>";
		};
/* End PBXGroup section */

/* Begin PBXNativeTarget section */
		15ABF8B62B0B5B0B001C034A /* ScannerDemo */ = {
			isa = PBXNativeTarget;
			buildConfigurationList = 15ABF8DB2B0B5B0E001C034A /* Build configuration list for PBXNativeTarget "ScannerDemo" */;
			buildPhases = (
				15ABF8B32B0B5B0B001C034A /* Sources */,
				15ABF8B42B0B5B0B001C034A /* Frameworks */,
				15ABF8B52B0B5B0B001C034A /* Resources */,
			);
			buildRules = (
			);
			dependencies = (
			);
			name = ScannerDemo;
			productName = ScannerDemo;
			productReference = 15ABF8B72B0B5B0B001C034A /* ScannerDemo.app */;
			productType = "com.apple.product-type.application";
		};
		15ABF8C62B0B5B0D001C034A /* ScannerDemoTests */ = {
			isa = PBXNativeTarget;
			buildConfigurationList = 15ABF8DE2B0B5B0E001C034A /* Build configuration list for PBXNativeTarget "ScannerDemoTests" */;
			buildPhases = (
				15ABF8C32B0B5B0D001C034A /* Sources */,
				15ABF8C42B0B5B0D001C034A /* Frameworks */,
				15ABF8C52B0B5B0D001C034A /* Resources */,
			);
			buildRules = (
			);
			dependencies = (
				15ABF8C92B0B5B0D001C034A /* PBXTargetDependency */,
			);
			name = ScannerDemoTests;
			productName = ScannerDemoTests;
			productReference = 15ABF8C72B0B5B0D001C034A /* ScannerDemoTests.xctest */;
			productType = "com.apple.product-type.bundle.unit-test";
		};
		15ABF8D02B0B5B0E001C034A /* ScannerDemoUITests */ = {
			isa = PBXNativeTarget;
			buildConfigurationList = 15ABF8E12B0B5B0E001C034A /* Build configuration list for PBXNativeTarget "ScannerDemoUITests" */;
			buildPhases = (
				15ABF8CD2B0B5B0E001C034A /* Sources */,
				15ABF8CE2B0B5B0E001C034A /* Frameworks */,
				15ABF8CF2B0B5B0E001C034A /* Resources */,
			);
			buildRules = (
			);
			dependencies = (
				15ABF8D32B0B5B0E001C034A /* PBXTargetDependency */,
			);
			name = ScannerDemoUITests;
			productName = ScannerDemoUITests;
			productReference = 15ABF8D12B0B5B0E001C034A /* ScannerDemoUITests.xctest */;
			productType = "com.apple.product-type.bundle.ui-testing";
		};
/* End PBXNativeTarget section */

/* Begin PBXProject section */
		15ABF8AF2B0B5B0B001C034A /* Project object */ = {
			isa = PBXProject;
			attributes = {
				BuildIndependentTargetsInParallel = 1;
				LastSwiftUpdateCheck = 1500;
				LastUpgradeCheck = 1500;
				TargetAttributes = {
					15ABF8B62B0B5B0B001C034A = {
						CreatedOnToolsVersion = 15.0.1;
					};
					15ABF8C62B0B5B0D001C034A = {
						CreatedOnToolsVersion = 15.0.1;
						TestTargetID = 15ABF8B62B0B5B0B001C034A;
					};
					15ABF8D02B0B5B0E001C034A = {
						CreatedOnToolsVersion = 15.0.1;
						TestTargetID = 15ABF8B62B0B5B0B001C034A;
					};
				};
			};
			buildConfigurationList = 15ABF8B22B0B5B0B001C034A /* Build configuration list for PBXProject "ScannerDemo" */;
			compatibilityVersion = "Xcode 14.0";
			developmentRegion = en;
			hasScannedForEncodings = 0;
			knownRegions = (
				en,
				Base,
			);
			mainGroup = 15ABF8AE2B0B5B0B001C034A;
			productRefGroup = 15ABF8B82B0B5B0B001C034A /* Products */;
			projectDirPath = "";
			projectRoot = "";
			targets = (
				15ABF8B62B0B5B0B001C034A /* ScannerDemo */,
				15ABF8C62B0B5B0D001C034A /* ScannerDemoTests */,
				15ABF8D02B0B5B0E001C034A /* ScannerDemoUITests */,
			);
		};
/* End PBXProject section */

/* Begin PBXResourcesBuildPhase section */
		15ABF8B52B0B5B0B001C034A /* Resources */ = {
			isa = PBXResourcesBuildPhase;
			buildActionMask = 2147483647;
			files = (
				15ABF8C22B0B5B0D001C034A /* Preview Assets.xcassets in Resources */,
				15ABF8BF2B0B5B0D001C034A /* Assets.xcassets in Resources */,
			);
			runOnlyForDeploymentPostprocessing = 0;
		};
		15ABF8C52B0B5B0D001C034A /* Resources */ = {
			isa = PBXResourcesBuildPhase;
			buildActionMask = 2147483647;
			files = (
			);
			runOnlyForDeploymentPostprocessing = 0;
		};
		15ABF8CF2B0B5B0E001C034A /* Resources */ = {
			isa = PBXResourcesBuildPhase;
			buildActionMask = 2147483647;
			files = (
			);
			runOnlyForDeploymentPostprocessing = 0;
		};
/* End PBXResourcesBuildPhase section */

/* Begin PBXSourcesBuildPhase section */
		15ABF8B32B0B5B0B001C034A /* Sources */ = {
			isa = PBXSourcesBuildPhase;
			buildActionMask = 2147483647;
			files = (
				15ABF8BD2B0B5B0B001C034A /* ContentView.swift in Sources */,
				15ABF8BB2B0B5B0B001C034A /* ScannerDemoApp.swift in Sources */,
			);
			runOnlyForDeploymentPostprocessing = 0;
		};
		15ABF8C32B0B5B0D001C034A /* Sources */ = {
			isa = PBXSourcesBuildPhase;
			buildActionMask = 2147483647;
			files = (
				15ABF8CC2B0B5B0E001C034A /* ScannerDemoTests.swift in Sources */,
			);
			runOnlyForDeploymentPostprocessing = 0;
		};
		15ABF8CD2B0B5B0E001C034A /* Sources */ = {
			isa = PBXSourcesBuildPhase;
			buildActionMask = 2147483647;
			files = (
				15ABF8D82B0B5B0E001C034A /* ScannerDemoUITestsLaunchTests.swift in Sources */,
				15ABF8D62B0B5B0E001C034A /* ScannerDemoUITests.swift in Sources */,
			);
			runOnlyForDeploymentPostprocessing = 0;
		};
/* End PBXSourcesBuildPhase section */

/* Begin PBXTargetDependency section */
		15ABF8C92B0B5B0D001C034A /* PBXTargetDependency */ = {
			isa = PBXTargetDependency;
			target = 15ABF8B62B0B5B0B001C034A /* ScannerDemo */;
			targetProxy = 15ABF8C82B0B5B0D001C034A /* PBXContainerItemProxy */;
		};
		15ABF8D32B0B5B0E001C034A /* PBXTargetDependency */ = {
			isa = PBXTargetDependency;
			target = 15ABF8B62B0B5B0B001C034A /* ScannerDemo */;
			targetProxy = 15ABF8D22B0B5B0E001C034A /* PBXContainerItemProxy */;
		};
/* End PBXTargetDependency section */

/* Begin XCBuildConfiguration section */
		15ABF8D92B0B5B0E001C034A /* Debug */ = {
			isa = XCBuildConfiguration;
			buildSettings = {
				ALWAYS_SEARCH_USER_PATHS = NO;
				ASSETCATALOG_COMPILER_GENERATE_SWIFT_ASSET_SYMBOL_EXTENSIONS = YES;
				CLANG_ANALYZER_NONNULL = YES;
				CLANG_ANALYZER_NUMBER_OBJECT_CONVERSION = YES_AGGRESSIVE;
				CLANG_CXX_LANGUAGE_STANDARD = "gnu++20";
				CLANG_ENABLE_MODULES = YES;
				CLANG_ENABLE_OBJC_ARC = YES;
				CLANG_ENABLE_OBJC_WEAK = YES;
				CLANG_WARN_BLOCK_CAPTURE_AUTORELEASING = YES;
				CLANG_WARN_BOOL_CONVERSION = YES;
				CLANG_WARN_COMMA = YES;
				CLANG_WARN_CONSTANT_CONVERSION = YES;
				CLANG_WARN_DEPRECATED_OBJC_IMPLEMENTATIONS = YES;
				CLANG_WARN_DIRECT_OBJC_ISA_USAGE = YES_ERROR;
				CLANG_WARN_DOCUMENTATION_COMMENTS = YES;
				CLANG_WARN_EMPTY_BODY = YES;
				CLANG_WARN_ENUM_CONVERSION = YES;
				CLANG_WARN_INFINITE_RECURSION = YES;
				CLANG_WARN_INT_CONVERSION = YES;
				CLANG_WARN_NON_LITERAL_NULL_CONVERSION = YES;
				CLANG_WARN_OBJC_IMPLICIT_RETAIN_SELF = YES;
				CLANG_WARN_OBJC_LITERAL_CONVERSION = YES;
				CLANG_WARN_OBJC_ROOT_CLASS = YES_ERROR;
				CLANG_WARN_QUOTED_INCLUDE_IN_FRAMEWORK_HEADER = YES;
				CLANG_WARN_RANGE_LOOP_ANALYSIS = YES;
				CLANG_WARN_STRICT_PROTOTYPES = YES;
				CLANG_WARN_SUSPICIOUS_MOVE = YES;
				CLANG_WARN_UNGUARDED_AVAILABILITY = YES_AGGRESSIVE;
				CLANG_WARN_UNREACHABLE_CODE = YES;
				CLANG_WARN__DUPLICATE_METHOD_MATCH = YES;
				COPY_PHASE_STRIP = NO;
				DEBUG_INFORMATION_FORMAT = dwarf;
				ENABLE_STRICT_OBJC_MSGSEND = YES;
				ENABLE_TESTABILITY = YES;
				ENABLE_USER_SCRIPT_SANDBOXING = YES;
				GCC_C_LANGUAGE_STANDARD = gnu17;
				GCC_DYNAMIC_NO_PIC = NO;
				GCC_NO_COMMON_BLOCKS = YES;
				GCC_OPTIMIZATION_LEVEL = 0;
				GCC_PREPROCESSOR_DEFINITIONS = (
					"DEBUG=1",
					"$(inherited)",
				);
				GCC_WARN_64_TO_32_BIT_CONVERSION = YES;
				GCC_WARN_ABOUT_RETURN_TYPE = YES_ERROR;
				GCC_WARN_UNDECLARED_SELECTOR = YES;
				GCC_WARN_UNINITIALIZED_AUTOS = YES_AGGRESSIVE;
				GCC_WARN_UNUSED_FUNCTION = YES;
				GCC_WARN_UNUSED_VARIABLE = YES;
				IPHONEOS_DEPLOYMENT_TARGET = 17.0;
				LOCALIZATION_PREFERS_STRING_CATALOGS = YES;
				MTL_ENABLE_DEBUG_INFO = INCLUDE_SOURCE;
				MTL_FAST_MATH = YES;
				ONLY_ACTIVE_ARCH = YES;
				SDKROOT = iphoneos;
				SWIFT_ACTIVE_COMPILATION_CONDITIONS = "DEBUG $(inherited)";
				SWIFT_OPTIMIZATION_LEVEL = "-Onone";
			};
			name = Debug;
		};
		15ABF8DA2B0B5B0E001C034A /* Release */ = {
			isa = XCBuildConfiguration;
			buildSettings = {
				ALWAYS_SEARCH_USER_PATHS = NO;
				ASSETCATALOG_COMPILER_GENERATE_SWIFT_ASSET_SYMBOL_EXTENSIONS = YES;
				CLANG_ANALYZER_NONNULL = YES;
				CLANG_ANALYZER_NUMBER_OBJECT_CONVERSION = YES_AGGRESSIVE;
				CLANG_CXX_LANGUAGE_STANDARD = "gnu++20";
				CLANG_ENABLE_MODULES = YES;
				CLANG_ENABLE_OBJC_ARC = YES;
				CLANG_ENABLE_OBJC_WEAK = YES;
				CLANG_WARN_BLOCK_CAPTURE_AUTORELEASING = YES;
				CLANG_WARN_BOOL_CONVERSION = YES;
				CLANG_WARN_COMMA = YES;
				CLANG_WARN_CONSTANT_CONVERSION = YES;
				CLANG_WARN_DEPRECATED_OBJC_IMPLEMENTATIONS = YES;
				CLANG_WARN_DIRECT_OBJC_ISA_USAGE = YES_ERROR;
				CLANG_WARN_DOCUMENTATION_COMMENTS = YES;
				CLANG_WARN_EMPTY_BODY = YES;
				CLANG_WARN_ENUM_CONVERSION = YES;
				CLANG_WARN_INFINITE_RECURSION = YES;
				CLANG_WARN_INT_CONVERSION = YES;
				CLANG_WARN_NON_LITERAL_NULL_CONVERSION = YES;
				CLANG_WARN_OBJC_IMPLICIT_RETAIN_SELF = YES;
				CLANG_WARN_OBJC_LITERAL_CONVERSION = YES;
				CLANG_WARN_OBJC_ROOT_CLASS = YES_ERROR;
				CLANG_WARN_QUOTED_INCLUDE_IN_FRAMEWORK_HEADER = YES;
				CLANG_WARN_RANGE_LOOP_ANALYSIS = YES;
				CLANG_WARN_STRICT_PROTOTYPES = YES;
				CLANG_WARN_SUSPICIOUS_MOVE = YES;
				CLANG_WARN_UNGUARDED_AVAILABILITY = YES_AGGRESSIVE;
				CLANG_WARN_UNREACHABLE_CODE = YES;
				CLANG_WARN__DUPLICATE_METHOD_MATCH = YES;
				COPY_PHASE_STRIP = NO;
				DEBUG_INFORMATION_FORMAT = "dwarf-with-dsym";
				ENABLE_NS_ASSERTIONS = NO;
				ENABLE_STRICT_OBJC_MSGSEND = YES;
				ENABLE_USER_SCRIPT_SANDBOXING = YES;
				GCC_C_LANGUAGE_STANDARD = gnu17;
				GCC_NO_COMMON_BLOCKS = YES;
				GCC_WARN_64_TO_32_BIT_CONVERSION = YES;
				GCC_WARN_ABOUT_RETURN_TYPE = YES_ERROR;
				GCC_WARN_UNDECLARED_SELECTOR = YES;
				GCC_WARN_UNINITIALIZED_AUTOS = YES_AGGRESSIVE;
				GCC_WARN_UNUSED_FUNCTION = YES;
				GCC_WARN_UNUSED_VARIABLE = YES;
				IPHONEOS_DEPLOYMENT_TARGET = 17.0;
				LOCALIZATION_PREFERS_STRING_CATALOGS = YES;
				MTL_ENABLE_DEBUG_INFO = NO;
				MTL_FAST_MATH = YES;
				SDKROOT = iphoneos;
				SWIFT_COMPILATION_MODE = wholemodule;
				VALIDATE_PRODUCT = YES;
			};
			name = Release;
		};
		15ABF8DC2B0B5B0E001C034A /* Debug */ = {
			isa = XCBuildConfiguration;
			buildSettings = {
				ASSETCATALOG_COMPILER_APPICON_NAME = AppIcon;
				ASSETCATALOG_COMPILER_GLOBAL_ACCENT_COLOR_NAME = AccentColor;
				CODE_SIGN_STYLE = Automatic;
				CURRENT_PROJECT_VERSION = 1;
				DEVELOPMENT_ASSET_PATHS = "\"ScannerDemo/Preview Content\"";
				DEVELOPMENT_TEAM = A2KT8CVF73;
				ENABLE_PREVIEWS = YES;
				GENERATE_INFOPLIST_FILE = YES;
				INFOPLIST_KEY_UIApplicationSceneManifest_Generation = YES;
				INFOPLIST_KEY_UIApplicationSupportsIndirectInputEvents = YES;
				INFOPLIST_KEY_UILaunchScreen_Generation = YES;
				INFOPLIST_KEY_UISupportedInterfaceOrientations_iPad = "UIInterfaceOrientationPortrait UIInterfaceOrientationPortraitUpsideDown UIInterfaceOrientationLandscapeLeft UIInterfaceOrientationLandscapeRight";
				INFOPLIST_KEY_UISupportedInterfaceOrientations_iPhone = "UIInterfaceOrientationPortrait UIInterfaceOrientationLandscapeLeft UIInterfaceOrientationLandscapeRight";
				LD_RUNPATH_SEARCH_PATHS = (
					"$(inherited)",
					"@executable_path/Frameworks",
				);
				MARKETING_VERSION = 1.0;
				PRODUCT_BUNDLE_IDENTIFIER = com.rehnuma.ScannerDemo;
				PRODUCT_NAME = "$(TARGET_NAME)";
				SWIFT_EMIT_LOC_STRINGS = YES;
				SWIFT_VERSION = 5.0;
				TARGETED_DEVICE_FAMILY = "1,2";
			};
			name = Debug;
		};
		15ABF8DD2B0B5B0E001C034A /* Release */ = {
			isa = XCBuildConfiguration;
			buildSettings = {
				ASSETCATALOG_COMPILER_APPICON_NAME = AppIcon;
				ASSETCATALOG_COMPILER_GLOBAL_ACCENT_COLOR_NAME = AccentColor;
				CODE_SIGN_STYLE = Automatic;
				CURRENT_PROJECT_VERSION = 1;
				DEVELOPMENT_ASSET_PATHS = "\"ScannerDemo/Preview Content\"";
				DEVELOPMENT_TEAM = A2KT8CVF73;
				ENABLE_PREVIEWS = YES;
				GENERATE_INFOPLIST_FILE = YES;
				INFOPLIST_KEY_UIApplicationSceneManifest_Generation = YES;
				INFOPLIST_KEY_UIApplicationSupportsIndirectInputEvents = YES;
				INFOPLIST_KEY_UILaunchScreen_Generation = YES;
				INFOPLIST_KEY_UISupportedInterfaceOrientations_iPad = "UIInterfaceOrientationPortrait UIInterfaceOrientationPortraitUpsideDown UIInterfaceOrientationLandscapeLeft UIInterfaceOrientationLandscapeRight";
				INFOPLIST_KEY_UISupportedInterfaceOrientations_iPhone = "UIInterfaceOrientationPortrait UIInterfaceOrientationLandscapeLeft UIInterfaceOrientationLandscapeRight";
				LD_RUNPATH_SEARCH_PATHS = (
					"$(inherited)",
					"@executable_path/Frameworks",
				);
				MARKETING_VERSION = 1.0;
				PRODUCT_BUNDLE_IDENTIFIER = com.rehnuma.ScannerDemo;
				PRODUCT_NAME = "$(TARGET_NAME)";
				SWIFT_EMIT_LOC_STRINGS = YES;
				SWIFT_VERSION = 5.0;
				TARGETED_DEVICE_FAMILY = "1,2";
			};
			name = Release;
		};
		15ABF8DF2B0B5B0E001C034A /* Debug */ = {
			isa = XCBuildConfiguration;
			buildSettings = {
				ALWAYS_EMBED_SWIFT_STANDARD_LIBRARIES = YES;
				BUNDLE_LOADER = "$(TEST_HOST)";
				CODE_SIGN_STYLE = Automatic;
				CURRENT_PROJECT_VERSION = 1;
				DEVELOPMENT_TEAM = A2KT8CVF73;
				GENERATE_INFOPLIST_FILE = YES;
				IPHONEOS_DEPLOYMENT_TARGET = 17.0;
				MARKETING_VERSION = 1.0;
				PRODUCT_BUNDLE_IDENTIFIER = com.rehnuma.ScannerDemoTests;
				PRODUCT_NAME = "$(TARGET_NAME)";
				SWIFT_EMIT_LOC_STRINGS = NO;
				SWIFT_VERSION = 5.0;
				TARGETED_DEVICE_FAMILY = "1,2";
				TEST_HOST = "$(BUILT_PRODUCTS_DIR)/ScannerDemo.app/$(BUNDLE_EXECUTABLE_FOLDER_PATH)/ScannerDemo";
			};
			name = Debug;
		};
		15ABF8E02B0B5B0E001C034A /* Release */ = {
			isa = XCBuildConfiguration;
			buildSettings = {
				ALWAYS_EMBED_SWIFT_STANDARD_LIBRARIES = YES;
				BUNDLE_LOADER = "$(TEST_HOST)";
				CODE_SIGN_STYLE = Automatic;
				CURRENT_PROJECT_VERSION = 1;
				DEVELOPMENT_TEAM = A2KT8CVF73;
				GENERATE_INFOPLIST_FILE = YES;
				IPHONEOS_DEPLOYMENT_TARGET = 17.0;
				MARKETING_VERSION = 1.0;
				PRODUCT_BUNDLE_IDENTIFIER = com.rehnuma.ScannerDemoTests;
				PRODUCT_NAME = "$(TARGET_NAME)";
				SWIFT_EMIT_LOC_STRINGS = NO;
				SWIFT_VERSION = 5.0;
				TARGETED_DEVICE_FAMILY = "1,2";
				TEST_HOST = "$(BUILT_PRODUCTS_DIR)/ScannerDemo.app/$(BUNDLE_EXECUTABLE_FOLDER_PATH)/ScannerDemo";
			};
			name = Release;
		};
		15ABF8E22B0B5B0E001C034A /* Debug */ = {
			isa = XCBuildConfiguration;
			buildSettings = {
				ALWAYS_EMBED_SWIFT_STANDARD_LIBRARIES = YES;
				CODE_SIGN_STYLE = Automatic;
				CURRENT_PROJECT_VERSION = 1;
				DEVELOPMENT_TEAM = A2KT8CVF73;
				GENERATE_INFOPLIST_FILE = YES;
				MARKETING_VERSION = 1.0;
				PRODUCT_BUNDLE_IDENTIFIER = com.rehnuma.ScannerDemoUITests;
				PRODUCT_NAME = "$(TARGET_NAME)";
				SWIFT_EMIT_LOC_STRINGS = NO;
				SWIFT_VERSION = 5.0;
				TARGETED_DEVICE_FAMILY = "1,2";
				TEST_TARGET_NAME = ScannerDemo;
			};
			name = Debug;
		};
		15ABF8E32B0B5B0E001C034A /* Release */ = {
			isa = XCBuildConfiguration;
			buildSettings = {
				ALWAYS_EMBED_SWIFT_STANDARD_LIBRARIES = YES;
				CODE_SIGN_STYLE = Automatic;
				CURRENT_PROJECT_VERSION = 1;
				DEVELOPMENT_TEAM = A2KT8CVF73;
				GENERATE_INFOPLIST_FILE = YES;
				MARKETING_VERSION = 1.0;
				PRODUCT_BUNDLE_IDENTIFIER = com.rehnuma.ScannerDemoUITests;
				PRODUCT_NAME = "$(TARGET_NAME)";
				SWIFT_EMIT_LOC_STRINGS = NO;
				SWIFT_VERSION = 5.0;
				TARGETED_DEVICE_FAMILY = "1,2";
				TEST_TARGET_NAME = ScannerDemo;
			};
			name = Release;
		};
/* End XCBuildConfiguration section */

/* Begin XCConfigurationList section */
		15ABF8B22B0B5B0B001C034A /* Build configuration list for PBXProject "ScannerDemo" */ = {
			isa = XCConfigurationList;
			buildConfigurations = (
				15ABF8D92B0B5B0E001C034A /* Debug */,
				15ABF8DA2B0B5B0E001C034A /* Release */,
			);
			defaultConfigurationIsVisible = 0;
			defaultConfigurationName = Release;
		};
		15ABF8DB2B0B5B0E001C034A /* Build configuration list for PBXNativeTarget "ScannerDemo" */ = {
			isa = XCConfigurationList;
			buildConfigurations = (
				15ABF8DC2B0B5B0E001C034A /* Debug */,
				15ABF8DD2B0B5B0E001C034A /* Release */,
			);
			defaultConfigurationIsVisible = 0;
			defaultConfigurationName = Release;
		};
		15ABF8DE2B0B5B0E001C034A /* Build configuration list for PBXNativeTarget "ScannerDemoTests" */ = {
			isa = XCConfigurationList;
			buildConfigurations = (
				15ABF8DF2B0B5B0E001C034A /* Debug */,
				15ABF8E02B0B5B0E001C034A /* Release */,
			);
			defaultConfigurationIsVisible = 0;
			defaultConfigurationName = Release;
		};
		15ABF8E12B0B5B0E001C034A /* Build configuration list for PBXNativeTarget "ScannerDemoUITests" */ = {
			isa = XCConfigurationList;
			buildConfigurations = (
				15ABF8E22B0B5B0E001C034A /* Debug */,
				15ABF8E32B0B5B0E001C034A /* Release */,
			);
			defaultConfigurationIsVisible = 0;
			defaultConfigurationName = Release;
		};
/* End XCConfigurationList section */
	};
	rootObject = 15ABF8AF2B0B5B0B001C034A /* Project object */;
}
